// !$*UTF8*$!
{
	archiveVersion = 1;
	classes = {
	};
	objectVersion = 56;
	objects = {

/* Begin PBXBuildFile section */
		07568B0B29998232002F26D9 /* AppDelegate.swift in Sources */ = {isa = PBXBuildFile; fileRef = 07568B0A29998232002F26D9 /* AppDelegate.swift */; };
		07568B0D29998232002F26D9 /* SceneDelegate.swift in Sources */ = {isa = PBXBuildFile; fileRef = 07568B0C29998232002F26D9 /* SceneDelegate.swift */; };
		07568B1229998232002F26D9 /* Main.storyboard in Resources */ = {isa = PBXBuildFile; fileRef = 07568B1029998232002F26D9 /* Main.storyboard */; };
		07568B1429998234002F26D9 /* Assets.xcassets in Resources */ = {isa = PBXBuildFile; fileRef = 07568B1329998234002F26D9 /* Assets.xcassets */; };
		07568B1729998234002F26D9 /* LaunchScreen.storyboard in Resources */ = {isa = PBXBuildFile; fileRef = 07568B1529998234002F26D9 /* LaunchScreen.storyboard */; };
		07568B2629998417002F26D9 /* ViewController.swift in Sources */ = {isa = PBXBuildFile; fileRef = 07568B2529998417002F26D9 /* ViewController.swift */; };
		07568B2E299990CC002F26D9 /* Model.swift in Sources */ = {isa = PBXBuildFile; fileRef = 07568B2D299990CC002F26D9 /* Model.swift */; };
		07568B302999936C002F26D9 /* BottomSheet.swift in Sources */ = {isa = PBXBuildFile; fileRef = 07568B2F2999936C002F26D9 /* BottomSheet.swift */; };
		07568B322999943E002F26D9 /* CarouselTableViewCell.swift in Sources */ = {isa = PBXBuildFile; fileRef = 07568B312999943E002F26D9 /* CarouselTableViewCell.swift */; };
		07568B342999948C002F26D9 /* DobleCollectionTableViewCell.swift in Sources */ = {isa = PBXBuildFile; fileRef = 07568B332999948C002F26D9 /* DobleCollectionTableViewCell.swift */; };
		07568B36299994C3002F26D9 /* CarouselCollectionViewCell.swift in Sources */ = {isa = PBXBuildFile; fileRef = 07568B35299994C3002F26D9 /* CarouselCollectionViewCell.swift */; };
		A68B6EE994D04119C6027AED /* Pods_Surf.framework in Frameworks */ = {isa = PBXBuildFile; fileRef = 23D67CF970D55E37D00B60BC /* Pods_Surf.framework */; };
/* End PBXBuildFile section */

/* Begin PBXFileReference section */
		07568B0729998232002F26D9 /* Surf.app */ = {isa = PBXFileReference; explicitFileType = wrapper.application; includeInIndex = 0; path = Surf.app; sourceTree = BUILT_PRODUCTS_DIR; };
		07568B0A29998232002F26D9 /* AppDelegate.swift */ = {isa = PBXFileReference; lastKnownFileType = sourcecode.swift; path = AppDelegate.swift; sourceTree = "<group>"; };
		07568B0C29998232002F26D9 /* SceneDelegate.swift */ = {isa = PBXFileReference; lastKnownFileType = sourcecode.swift; path = SceneDelegate.swift; sourceTree = "<group>"; };
		07568B1129998232002F26D9 /* Base */ = {isa = PBXFileReference; lastKnownFileType = file.storyboard; name = Base; path = Base.lproj/Main.storyboard; sourceTree = "<group>"; };
		07568B1329998234002F26D9 /* Assets.xcassets */ = {isa = PBXFileReference; lastKnownFileType = folder.assetcatalog; path = Assets.xcassets; sourceTree = "<group>"; };
		07568B1629998234002F26D9 /* Base */ = {isa = PBXFileReference; lastKnownFileType = file.storyboard; name = Base; path = Base.lproj/LaunchScreen.storyboard; sourceTree = "<group>"; };
		07568B1829998234002F26D9 /* Info.plist */ = {isa = PBXFileReference; lastKnownFileType = text.plist.xml; path = Info.plist; sourceTree = "<group>"; };
		07568B2529998417002F26D9 /* ViewController.swift */ = {isa = PBXFileReference; lastKnownFileType = sourcecode.swift; path = ViewController.swift; sourceTree = "<group>"; };
		07568B2D299990CC002F26D9 /* Model.swift */ = {isa = PBXFileReference; lastKnownFileType = sourcecode.swift; path = Model.swift; sourceTree = "<group>"; };
		07568B2F2999936C002F26D9 /* BottomSheet.swift */ = {isa = PBXFileReference; lastKnownFileType = sourcecode.swift; path = BottomSheet.swift; sourceTree = "<group>"; };
		07568B312999943E002F26D9 /* CarouselTableViewCell.swift */ = {isa = PBXFileReference; lastKnownFileType = sourcecode.swift; path = CarouselTableViewCell.swift; sourceTree = "<group>"; };
		07568B332999948C002F26D9 /* DobleCollectionTableViewCell.swift */ = {isa = PBXFileReference; lastKnownFileType = sourcecode.swift; path = DobleCollectionTableViewCell.swift; sourceTree = "<group>"; };
		07568B35299994C3002F26D9 /* CarouselCollectionViewCell.swift */ = {isa = PBXFileReference; lastKnownFileType = sourcecode.swift; path = CarouselCollectionViewCell.swift; sourceTree = "<group>"; };
		23D67CF970D55E37D00B60BC /* Pods_Surf.framework */ = {isa = PBXFileReference; explicitFileType = wrapper.framework; includeInIndex = 0; path = Pods_Surf.framework; sourceTree = BUILT_PRODUCTS_DIR; };
		4DD1BF924F980282A5A87D70 /* Pods-Surf.debug.xcconfig */ = {isa = PBXFileReference; includeInIndex = 1; lastKnownFileType = text.xcconfig; name = "Pods-Surf.debug.xcconfig"; path = "Target Support Files/Pods-Surf/Pods-Surf.debug.xcconfig"; sourceTree = "<group>"; };
		A83EF6E6441C6DAC5970E827 /* Pods-Surf.release.xcconfig */ = {isa = PBXFileReference; includeInIndex = 1; lastKnownFileType = text.xcconfig; name = "Pods-Surf.release.xcconfig"; path = "Target Support Files/Pods-Surf/Pods-Surf.release.xcconfig"; sourceTree = "<group>"; };
/* End PBXFileReference section */

/* Begin PBXFrameworksBuildPhase section */
		07568B0429998232002F26D9 /* Frameworks */ = {
			isa = PBXFrameworksBuildPhase;
			buildActionMask = 2147483647;
			files = (
				A68B6EE994D04119C6027AED /* Pods_Surf.framework in Frameworks */,
			);
			runOnlyForDeploymentPostprocessing = 0;
		};
/* End PBXFrameworksBuildPhase section */

/* Begin PBXGroup section */
		07568AFE29998232002F26D9 = {
			isa = PBXGroup;
			children = (
				07568B0929998232002F26D9 /* Surf */,
				07568B0829998232002F26D9 /* Products */,
				29C3629EA323602558F4E032 /* Pods */,
				BF749D379E547C3AA9416019 /* Frameworks */,
			);
			sourceTree = "<group>";
		};
		07568B0829998232002F26D9 /* Products */ = {
			isa = PBXGroup;
			children = (
				07568B0729998232002F26D9 /* Surf.app */,
			);
			name = Products;
			sourceTree = "<group>";
		};
		07568B0929998232002F26D9 /* Surf */ = {
			isa = PBXGroup;
			children = (
				07568B22299983AF002F26D9 /* Application */,
				07568B21299983A8002F26D9 /* Model */,
				07568B202999839F002F26D9 /* View */,
				07568B1E299982E9002F26D9 /* Resources */,
			);
			path = Surf;
			sourceTree = "<group>";
		};
		07568B1E299982E9002F26D9 /* Resources */ = {
			isa = PBXGroup;
			children = (
				07568B1029998232002F26D9 /* Main.storyboard */,
				07568B1329998234002F26D9 /* Assets.xcassets */,
				07568B1529998234002F26D9 /* LaunchScreen.storyboard */,
				07568B1829998234002F26D9 /* Info.plist */,
			);
			path = Resources;
			sourceTree = "<group>";
		};
		07568B202999839F002F26D9 /* View */ = {
			isa = PBXGroup;
			children = (
				07568B24299983E3002F26D9 /* CollectionCell */,
				07568B23299983D5002F26D9 /* TableCell */,
				07568B2529998417002F26D9 /* ViewController.swift */,
				07568B2F2999936C002F26D9 /* BottomSheet.swift */,
			);
			path = View;
			sourceTree = "<group>";
		};
		07568B21299983A8002F26D9 /* Model */ = {
			isa = PBXGroup;
			children = (
				07568B2D299990CC002F26D9 /* Model.swift */,
			);
			path = Model;
			sourceTree = "<group>";
		};
		07568B22299983AF002F26D9 /* Application */ = {
			isa = PBXGroup;
			children = (
				07568B0A29998232002F26D9 /* AppDelegate.swift */,
				07568B0C29998232002F26D9 /* SceneDelegate.swift */,
			);
			path = Application;
			sourceTree = "<group>";
		};
		07568B23299983D5002F26D9 /* TableCell */ = {
			isa = PBXGroup;
			children = (
				07568B312999943E002F26D9 /* CarouselTableViewCell.swift */,
				07568B332999948C002F26D9 /* DobleCollectionTableViewCell.swift */,
			);
			path = TableCell;
			sourceTree = "<group>";
		};
		07568B24299983E3002F26D9 /* CollectionCell */ = {
			isa = PBXGroup;
			children = (
				07568B35299994C3002F26D9 /* CarouselCollectionViewCell.swift */,
			);
			path = CollectionCell;
			sourceTree = "<group>";
		};
		29C3629EA323602558F4E032 /* Pods */ = {
			isa = PBXGroup;
			children = (
				4DD1BF924F980282A5A87D70 /* Pods-Surf.debug.xcconfig */,
				A83EF6E6441C6DAC5970E827 /* Pods-Surf.release.xcconfig */,
			);
			path = Pods;
			sourceTree = "<group>";
		};
		BF749D379E547C3AA9416019 /* Frameworks */ = {
			isa = PBXGroup;
			children = (
				23D67CF970D55E37D00B60BC /* Pods_Surf.framework */,
			);
			name = Frameworks;
			sourceTree = "<group>";
		};
/* End PBXGroup section */

/* Begin PBXNativeTarget section */
		07568B0629998232002F26D9 /* Surf */ = {
			isa = PBXNativeTarget;
			buildConfigurationList = 07568B1B29998234002F26D9 /* Build configuration list for PBXNativeTarget "Surf" */;
			buildPhases = (
				6E2609D89687C71F812F024B /* [CP] Check Pods Manifest.lock */,
				07568B0329998232002F26D9 /* Sources */,
				07568B0429998232002F26D9 /* Frameworks */,
				07568B0529998232002F26D9 /* Resources */,
				228E8AADFBFC12303542C10C /* [CP] Embed Pods Frameworks */,
			);
			buildRules = (
			);
			dependencies = (
			);
			name = Surf;
			productName = Surf;
			productReference = 07568B0729998232002F26D9 /* Surf.app */;
			productType = "com.apple.product-type.application";
		};
/* End PBXNativeTarget section */

/* Begin PBXProject section */
		07568AFF29998232002F26D9 /* Project object */ = {
			isa = PBXProject;
			attributes = {
				BuildIndependentTargetsInParallel = 1;
				LastSwiftUpdateCheck = 1400;
				LastUpgradeCheck = 1400;
				TargetAttributes = {
					07568B0629998232002F26D9 = {
						CreatedOnToolsVersion = 14.0.1;
					};
				};
			};
			buildConfigurationList = 07568B0229998232002F26D9 /* Build configuration list for PBXProject "Surf" */;
			compatibilityVersion = "Xcode 14.0";
			developmentRegion = en;
			hasScannedForEncodings = 0;
			knownRegions = (
				en,
				Base,
			);
			mainGroup = 07568AFE29998232002F26D9;
			productRefGroup = 07568B0829998232002F26D9 /* Products */;
			projectDirPath = "";
			projectRoot = "";
			targets = (
				07568B0629998232002F26D9 /* Surf */,
			);
		};
/* End PBXProject section */

/* Begin PBXResourcesBuildPhase section */
		07568B0529998232002F26D9 /* Resources */ = {
			isa = PBXResourcesBuildPhase;
			buildActionMask = 2147483647;
			files = (
				07568B1729998234002F26D9 /* LaunchScreen.storyboard in Resources */,
				07568B1429998234002F26D9 /* Assets.xcassets in Resources */,
				07568B1229998232002F26D9 /* Main.storyboard in Resources */,
			);
			runOnlyForDeploymentPostprocessing = 0;
		};
/* End PBXResourcesBuildPhase section */

/* Begin PBXShellScriptBuildPhase section */
		228E8AADFBFC12303542C10C /* [CP] Embed Pods Frameworks */ = {
			isa = PBXShellScriptBuildPhase;
			buildActionMask = 2147483647;
			files = (
			);
			inputFileListPaths = (
				"${PODS_ROOT}/Target Support Files/Pods-Surf/Pods-Surf-frameworks-${CONFIGURATION}-input-files.xcfilelist",
			);
			name = "[CP] Embed Pods Frameworks";
			outputFileListPaths = (
				"${PODS_ROOT}/Target Support Files/Pods-Surf/Pods-Surf-frameworks-${CONFIGURATION}-output-files.xcfilelist",
			);
			runOnlyForDeploymentPostprocessing = 0;
			shellPath = /bin/sh;
			shellScript = "\"${PODS_ROOT}/Target Support Files/Pods-Surf/Pods-Surf-frameworks.sh\"\n";
			showEnvVarsInLog = 0;
		};
		6E2609D89687C71F812F024B /* [CP] Check Pods Manifest.lock */ = {
			isa = PBXShellScriptBuildPhase;
			buildActionMask = 2147483647;
			files = (
			);
			inputFileListPaths = (
			);
			inputPaths = (
				"${PODS_PODFILE_DIR_PATH}/Podfile.lock",
				"${PODS_ROOT}/Manifest.lock",
			);
			name = "[CP] Check Pods Manifest.lock";
			outputFileListPaths = (
			);
			outputPaths = (
				"$(DERIVED_FILE_DIR)/Pods-Surf-checkManifestLockResult.txt",
			);
			runOnlyForDeploymentPostprocessing = 0;
			shellPath = /bin/sh;
			shellScript = "diff \"${PODS_PODFILE_DIR_PATH}/Podfile.lock\" \"${PODS_ROOT}/Manifest.lock\" > /dev/null\nif [ $? != 0 ] ; then\n    # print error to STDERR\n    echo \"error: The sandbox is not in sync with the Podfile.lock. Run 'pod install' or update your CocoaPods installation.\" >&2\n    exit 1\nfi\n# This output is used by Xcode 'outputs' to avoid re-running this script phase.\necho \"SUCCESS\" > \"${SCRIPT_OUTPUT_FILE_0}\"\n";
			showEnvVarsInLog = 0;
		};
/* End PBXShellScriptBuildPhase section */

/* Begin PBXSourcesBuildPhase section */
		07568B0329998232002F26D9 /* Sources */ = {
			isa = PBXSourcesBuildPhase;
			buildActionMask = 2147483647;
			files = (
				07568B342999948C002F26D9 /* DobleCollectionTableViewCell.swift in Sources */,
				07568B2E299990CC002F26D9 /* Model.swift in Sources */,
				07568B322999943E002F26D9 /* CarouselTableViewCell.swift in Sources */,
				07568B302999936C002F26D9 /* BottomSheet.swift in Sources */,
				07568B36299994C3002F26D9 /* CarouselCollectionViewCell.swift in Sources */,
				07568B2629998417002F26D9 /* ViewController.swift in Sources */,
				07568B0B29998232002F26D9 /* AppDelegate.swift in Sources */,
				07568B0D29998232002F26D9 /* SceneDelegate.swift in Sources */,
			);
			runOnlyForDeploymentPostprocessing = 0;
		};
/* End PBXSourcesBuildPhase section */

/* Begin PBXVariantGroup section */
		07568B1029998232002F26D9 /* Main.storyboard */ = {
			isa = PBXVariantGroup;
			children = (
				07568B1129998232002F26D9 /* Base */,
			);
			name = Main.storyboard;
			sourceTree = "<group>";
		};
		07568B1529998234002F26D9 /* LaunchScreen.storyboard */ = {
			isa = PBXVariantGroup;
			children = (
				07568B1629998234002F26D9 /* Base */,
			);
			name = LaunchScreen.storyboard;
			sourceTree = "<group>";
		};
/* End PBXVariantGroup section */

/* Begin XCBuildConfiguration section */
		07568B1929998234002F26D9 /* Debug */ = {
			isa = XCBuildConfiguration;
			buildSettings = {
				ALWAYS_SEARCH_USER_PATHS = NO;
				CLANG_ANALYZER_NONNULL = YES;
				CLANG_ANALYZER_NUMBER_OBJECT_CONVERSION = YES_AGGRESSIVE;
				CLANG_CXX_LANGUAGE_STANDARD = "gnu++20";
				CLANG_ENABLE_MODULES = YES;
				CLANG_ENABLE_OBJC_ARC = YES;
				CLANG_ENABLE_OBJC_WEAK = YES;
				CLANG_WARN_BLOCK_CAPTURE_AUTORELEASING = YES;
				CLANG_WARN_BOOL_CONVERSION = YES;
				CLANG_WARN_COMMA = YES;
				CLANG_WARN_CONSTANT_CONVERSION = YES;
				CLANG_WARN_DEPRECATED_OBJC_IMPLEMENTATIONS = YES;
				CLANG_WARN_DIRECT_OBJC_ISA_USAGE = YES_ERROR;
				CLANG_WARN_DOCUMENTATION_COMMENTS = YES;
				CLANG_WARN_EMPTY_BODY = YES;
				CLANG_WARN_ENUM_CONVERSION = YES;
				CLANG_WARN_INFINITE_RECURSION = YES;
				CLANG_WARN_INT_CONVERSION = YES;
				CLANG_WARN_NON_LITERAL_NULL_CONVERSION = YES;
				CLANG_WARN_OBJC_IMPLICIT_RETAIN_SELF = YES;
				CLANG_WARN_OBJC_LITERAL_CONVERSION = YES;
				CLANG_WARN_OBJC_ROOT_CLASS = YES_ERROR;
				CLANG_WARN_QUOTED_INCLUDE_IN_FRAMEWORK_HEADER = YES;
				CLANG_WARN_RANGE_LOOP_ANALYSIS = YES;
				CLANG_WARN_STRICT_PROTOTYPES = YES;
				CLANG_WARN_SUSPICIOUS_MOVE = YES;
				CLANG_WARN_UNGUARDED_AVAILABILITY = YES_AGGRESSIVE;
				CLANG_WARN_UNREACHABLE_CODE = YES;
				CLANG_WARN__DUPLICATE_METHOD_MATCH = YES;
				COPY_PHASE_STRIP = NO;
				DEBUG_INFORMATION_FORMAT = dwarf;
				ENABLE_STRICT_OBJC_MSGSEND = YES;
				ENABLE_TESTABILITY = YES;
				GCC_C_LANGUAGE_STANDARD = gnu11;
				GCC_DYNAMIC_NO_PIC = NO;
				GCC_NO_COMMON_BLOCKS = YES;
				GCC_OPTIMIZATION_LEVEL = 0;
				GCC_PREPROCESSOR_DEFINITIONS = (
					"DEBUG=1",
					"$(inherited)",
				);
				GCC_WARN_64_TO_32_BIT_CONVERSION = YES;
				GCC_WARN_ABOUT_RETURN_TYPE = YES_ERROR;
				GCC_WARN_UNDECLARED_SELECTOR = YES;
				GCC_WARN_UNINITIALIZED_AUTOS = YES_AGGRESSIVE;
				GCC_WARN_UNUSED_FUNCTION = YES;
				GCC_WARN_UNUSED_VARIABLE = YES;
				IPHONEOS_DEPLOYMENT_TARGET = 16.0;
				MTL_ENABLE_DEBUG_INFO = INCLUDE_SOURCE;
				MTL_FAST_MATH = YES;
				ONLY_ACTIVE_ARCH = YES;
				SDKROOT = iphoneos;
				SWIFT_ACTIVE_COMPILATION_CONDITIONS = DEBUG;
				SWIFT_OPTIMIZATION_LEVEL = "-Onone";
			};
			name = Debug;
		};
		07568B1A29998234002F26D9 /* Release */ = {
			isa = XCBuildConfiguration;
			buildSettings = {
				ALWAYS_SEARCH_USER_PATHS = NO;
				CLANG_ANALYZER_NONNULL = YES;
				CLANG_ANALYZER_NUMBER_OBJECT_CONVERSION = YES_AGGRESSIVE;
				CLANG_CXX_LANGUAGE_STANDARD = "gnu++20";
				CLANG_ENABLE_MODULES = YES;
				CLANG_ENABLE_OBJC_ARC = YES;
				CLANG_ENABLE_OBJC_WEAK = YES;
				CLANG_WARN_BLOCK_CAPTURE_AUTORELEASING = YES;
				CLANG_WARN_BOOL_CONVERSION = YES;
				CLANG_WARN_COMMA = YES;
				CLANG_WARN_CONSTANT_CONVERSION = YES;
				CLANG_WARN_DEPRECATED_OBJC_IMPLEMENTATIONS = YES;
				CLANG_WARN_DIRECT_OBJC_ISA_USAGE = YES_ERROR;
				CLANG_WARN_DOCUMENTATION_COMMENTS = YES;
				CLANG_WARN_EMPTY_BODY = YES;
				CLANG_WARN_ENUM_CONVERSION = YES;
				CLANG_WARN_INFINITE_RECURSION = YES;
				CLANG_WARN_INT_CONVERSION = YES;
				CLANG_WARN_NON_LITERAL_NULL_CONVERSION = YES;
				CLANG_WARN_OBJC_IMPLICIT_RETAIN_SELF = YES;
				CLANG_WARN_OBJC_LITERAL_CONVERSION = YES;
				CLANG_WARN_OBJC_ROOT_CLASS = YES_ERROR;
				CLANG_WARN_QUOTED_INCLUDE_IN_FRAMEWORK_HEADER = YES;
				CLANG_WARN_RANGE_LOOP_ANALYSIS = YES;
				CLANG_WARN_STRICT_PROTOTYPES = YES;
				CLANG_WARN_SUSPICIOUS_MOVE = YES;
				CLANG_WARN_UNGUARDED_AVAILABILITY = YES_AGGRESSIVE;
				CLANG_WARN_UNREACHABLE_CODE = YES;
				CLANG_WARN__DUPLICATE_METHOD_MATCH = YES;
				COPY_PHASE_STRIP = NO;
				DEBUG_INFORMATION_FORMAT = "dwarf-with-dsym";
				ENABLE_NS_ASSERTIONS = NO;
				ENABLE_STRICT_OBJC_MSGSEND = YES;
				GCC_C_LANGUAGE_STANDARD = gnu11;
				GCC_NO_COMMON_BLOCKS = YES;
				GCC_WARN_64_TO_32_BIT_CONVERSION = YES;
				GCC_WARN_ABOUT_RETURN_TYPE = YES_ERROR;
				GCC_WARN_UNDECLARED_SELECTOR = YES;
				GCC_WARN_UNINITIALIZED_AUTOS = YES_AGGRESSIVE;
				GCC_WARN_UNUSED_FUNCTION = YES;
				GCC_WARN_UNUSED_VARIABLE = YES;
				IPHONEOS_DEPLOYMENT_TARGET = 16.0;
				MTL_ENABLE_DEBUG_INFO = NO;
				MTL_FAST_MATH = YES;
				SDKROOT = iphoneos;
				SWIFT_COMPILATION_MODE = wholemodule;
				SWIFT_OPTIMIZATION_LEVEL = "-O";
				VALIDATE_PRODUCT = YES;
			};
			name = Release;
		};
		07568B1C29998234002F26D9 /* Debug */ = {
			isa = XCBuildConfiguration;
			baseConfigurationReference = 4DD1BF924F980282A5A87D70 /* Pods-Surf.debug.xcconfig */;
			buildSettings = {
				ASSETCATALOG_COMPILER_APPICON_NAME = AppIcon;
				ASSETCATALOG_COMPILER_GLOBAL_ACCENT_COLOR_NAME = AccentColor;
				CODE_SIGN_STYLE = Automatic;
				CURRENT_PROJECT_VERSION = 1;
				GENERATE_INFOPLIST_FILE = YES;
				INFOPLIST_FILE = Surf/Resources/Info.plist;
				INFOPLIST_KEY_UIApplicationSupportsIndirectInputEvents = YES;
				INFOPLIST_KEY_UILaunchStoryboardName = LaunchScreen;
				INFOPLIST_KEY_UIMainStoryboardFile = Main;
				INFOPLIST_KEY_UISupportedInterfaceOrientations_iPad = "UIInterfaceOrientationPortrait UIInterfaceOrientationPortraitUpsideDown UIInterfaceOrientationLandscapeLeft UIInterfaceOrientationLandscapeRight";
				INFOPLIST_KEY_UISupportedInterfaceOrientations_iPhone = "UIInterfaceOrientationPortrait UIInterfaceOrientationLandscapeLeft UIInterfaceOrientationLandscapeRight";
				LD_RUNPATH_SEARCH_PATHS = (
					"$(inherited)",
					"@executable_path/Frameworks",
				);
				MARKETING_VERSION = 1.0;
				PRODUCT_BUNDLE_IDENTIFIER = ru.DanilTT.Surf;
				PRODUCT_NAME = "$(TARGET_NAME)";
				SWIFT_EMIT_LOC_STRINGS = YES;
				SWIFT_VERSION = 5.0;
				TARGETED_DEVICE_FAMILY = "1,2";
			};
			name = Debug;
		};
		07568B1D29998234002F26D9 /* Release */ = {
			isa = XCBuildConfiguration;
			baseConfigurationReference = A83EF6E6441C6DAC5970E827 /* Pods-Surf.release.xcconfig */;
			buildSettings = {
				ASSETCATALOG_COMPILER_APPICON_NAME = AppIcon;
				ASSETCATALOG_COMPILER_GLOBAL_ACCENT_COLOR_NAME = AccentColor;
				CODE_SIGN_STYLE = Automatic;
				CURRENT_PROJECT_VERSION = 1;
				GENERATE_INFOPLIST_FILE = YES;
				INFOPLIST_FILE = Surf/Resources/Info.plist;
				INFOPLIST_KEY_UIApplicationSupportsIndirectInputEvents = YES;
				INFOPLIST_KEY_UILaunchStoryboardName = LaunchScreen;
				INFOPLIST_KEY_UIMainStoryboardFile = Main;
				INFOPLIST_KEY_UISupportedInterfaceOrientations_iPad = "UIInterfaceOrientationPortrait UIInterfaceOrientationPortraitUpsideDown UIInterfaceOrientationLandscapeLeft UIInterfaceOrientationLandscapeRight";
				INFOPLIST_KEY_UISupportedInterfaceOrientations_iPhone = "UIInterfaceOrientationPortrait UIInterfaceOrientationLandscapeLeft UIInterfaceOrientationLandscapeRight";
				LD_RUNPATH_SEARCH_PATHS = (
					"$(inherited)",
					"@executable_path/Frameworks",
				);
				MARKETING_VERSION = 1.0;
				PRODUCT_BUNDLE_IDENTIFIER = ru.DanilTT.Surf;
				PRODUCT_NAME = "$(TARGET_NAME)";
				SWIFT_EMIT_LOC_STRINGS = YES;
				SWIFT_VERSION = 5.0;
				TARGETED_DEVICE_FAMILY = "1,2";
			};
			name = Release;
		};
/* End XCBuildConfiguration section */

/* Begin XCConfigurationList section */
		07568B0229998232002F26D9 /* Build configuration list for PBXProject "Surf" */ = {
			isa = XCConfigurationList;
			buildConfigurations = (
				07568B1929998234002F26D9 /* Debug */,
				07568B1A29998234002F26D9 /* Release */,
			);
			defaultConfigurationIsVisible = 0;
			defaultConfigurationName = Release;
		};
		07568B1B29998234002F26D9 /* Build configuration list for PBXNativeTarget "Surf" */ = {
			isa = XCConfigurationList;
			buildConfigurations = (
				07568B1C29998234002F26D9 /* Debug */,
				07568B1D29998234002F26D9 /* Release */,
			);
			defaultConfigurationIsVisible = 0;
			defaultConfigurationName = Release;
		};
/* End XCConfigurationList section */
	};
	rootObject = 07568AFF29998232002F26D9 /* Project object */;
}
